
Microsoft Visual Studio Solution File, Format Version 12.00
# Visual Studio Version 17
VisualStudioVersion = 17.13.35806.99 d17.13
MinimumVisualStudioVersion = 10.0.40219.1
Project("{FAE04EC0-301F-11D3-BF4B-00C04F79EFBC}") = "Routers", "Routers\Routers.csproj", "{9F173718-917D-408D-9FB6-92533F8A0A21}"
EndProject
Global
	GlobalSection(SolutionConfigurationPlatforms) = preSolution
		Debug|Any CPU = Debug|Any CPU
		Release|Any CPU = Release|Any CPU
	EndGlobalSection
	GlobalSection(ProjectConfigurationPlatforms) = postSolution
		{9F173718-917D-408D-9FB6-92533F8A0A21}.Debug|Any CPU.ActiveCfg = Debug|Any CPU
		{9F173718-917D-408D-9FB6-92533F8A0A21}.Debug|Any CPU.Build.0 = Debug|Any CPU
		{9F173718-917D-408D-9FB6-92533F8A0A21}.Release|Any CPU.ActiveCfg = Release|Any CPU
		{9F173718-917D-408D-9FB6-92533F8A0A21}.Release|Any CPU.Build.0 = Release|Any CPU
	EndGlobalSection
	GlobalSection(SolutionProperties) = preSolution
		HideSolutionNode = FALSE
	EndGlobalSection
	GlobalSection(ExtensibilityGlobals) = postSolution
		SolutionGuid = {0605C5ED-C438-4F71-9C69-4B92C5A8D780}
	EndGlobalSection
EndGlobal
