
Microsoft Visual Studio Solution File, Format Version 12.00
# Visual Studio Version 17
VisualStudioVersion = 17.13.35806.99
MinimumVisualStudioVersion = 10.0.40219.1
Project("{FAE04EC0-301F-11D3-BF4B-00C04F79EFBC}") = "ParseTreeTask", "ParseTreeTask\ParseTreeTask.csproj", "{DE17DDBD-BCBA-4EEB-A0BB-BDECEE6847FE}"
EndProject
Project("{FAE04EC0-301F-11D3-BF4B-00C04F79EFBC}") = "ParseTreeTask.Tests", "ParseTreeTask.Tests\ParseTreeTask.Tests.csproj", "{E518D486-B656-4678-83E8-2DBAAD5ECCD8}"
EndProject
Project("{2150E333-8FDC-42A3-9474-1A3956D46DE8}") = "Solution Items", "Solution Items", "{36D591C7-65C7-A0D1-1CBC-10CDE441BDC8}"
	ProjectSection(SolutionItems) = preProject
		.editorconfig = .editorconfig
	EndProjectSection
EndProject
Global
	GlobalSection(SolutionConfigurationPlatforms) = preSolution
		Debug|Any CPU = Debug|Any CPU
		Release|Any CPU = Release|Any CPU
	EndGlobalSection
	GlobalSection(ProjectConfigurationPlatforms) = postSolution
		{DE17DDBD-BCBA-4EEB-A0BB-BDECEE6847FE}.Debug|Any CPU.ActiveCfg = Debug|Any CPU
		{DE17DDBD-BCBA-4EEB-A0BB-BDECEE6847FE}.Debug|Any CPU.Build.0 = Debug|Any CPU
		{DE17DDBD-BCBA-4EEB-A0BB-BDECEE6847FE}.Release|Any CPU.ActiveCfg = Release|Any CPU
		{DE17DDBD-BCBA-4EEB-A0BB-BDECEE6847FE}.Release|Any CPU.Build.0 = Release|Any CPU
		{E518D486-B656-4678-83E8-2DBAAD5ECCD8}.Debug|Any CPU.ActiveCfg = Debug|Any CPU
		{E518D486-B656-4678-83E8-2DBAAD5ECCD8}.Debug|Any CPU.Build.0 = Debug|Any CPU
		{E518D486-B656-4678-83E8-2DBAAD5ECCD8}.Release|Any CPU.ActiveCfg = Release|Any CPU
		{E518D486-B656-4678-83E8-2DBAAD5ECCD8}.Release|Any CPU.Build.0 = Release|Any CPU
	EndGlobalSection
	GlobalSection(SolutionProperties) = preSolution
		HideSolutionNode = FALSE
	EndGlobalSection
	GlobalSection(ExtensibilityGlobals) = postSolution
		SolutionGuid = {86794917-EC85-401D-A525-A13BE6125E5D}
	EndGlobalSection
EndGlobal
