
Microsoft Visual Studio Solution File, Format Version 12.00
# Visual Studio Version 17
VisualStudioVersion = 17.13.35806.99 d17.13
MinimumVisualStudioVersion = 10.0.40219.1
Project("{FAE04EC0-301F-11D3-BF4B-00C04F79EFBC}") = "LZW", "LZW\LZW.csproj", "{1283A3D6-7126-4EA5-8A9A-5B2AEBB112B4}"
EndProject
Project("{FAE04EC0-301F-11D3-BF4B-00C04F79EFBC}") = "LZW.Tests", "LZW.Tests\LZW.Tests.csproj", "{66AA899B-7BB4-420B-A05F-A7C893D60EB8}"
EndProject
Global
	GlobalSection(SolutionConfigurationPlatforms) = preSolution
		Debug|Any CPU = Debug|Any CPU
		Release|Any CPU = Release|Any CPU
	EndGlobalSection
	GlobalSection(ProjectConfigurationPlatforms) = postSolution
		{1283A3D6-7126-4EA5-8A9A-5B2AEBB112B4}.Debug|Any CPU.ActiveCfg = Debug|Any CPU
		{1283A3D6-7126-4EA5-8A9A-5B2AEBB112B4}.Debug|Any CPU.Build.0 = Debug|Any CPU
		{1283A3D6-7126-4EA5-8A9A-5B2AEBB112B4}.Release|Any CPU.ActiveCfg = Release|Any CPU
		{1283A3D6-7126-4EA5-8A9A-5B2AEBB112B4}.Release|Any CPU.Build.0 = Release|Any CPU
		{66AA899B-7BB4-420B-A05F-A7C893D60EB8}.Debug|Any CPU.ActiveCfg = Debug|Any CPU
		{66AA899B-7BB4-420B-A05F-A7C893D60EB8}.Debug|Any CPU.Build.0 = Debug|Any CPU
		{66AA899B-7BB4-420B-A05F-A7C893D60EB8}.Release|Any CPU.ActiveCfg = Release|Any CPU
		{66AA899B-7BB4-420B-A05F-A7C893D60EB8}.Release|Any CPU.Build.0 = Release|Any CPU
	EndGlobalSection
	GlobalSection(SolutionProperties) = preSolution
		HideSolutionNode = FALSE
	EndGlobalSection
	GlobalSection(ExtensibilityGlobals) = postSolution
		SolutionGuid = {D1330D8B-5749-41FA-A58E-40605EA3F344}
	EndGlobalSection
EndGlobal
